lockfileVersion: '6.0'

settings:
  autoInstallPeers: true
  excludeLinksFromLockfile: false

dependencies:
  node-session:
    specifier: ^1.2.1
    version: 1.2.1

packages:

  /@mapbox/geojsonhint@2.0.1:
    resolution: {integrity: sha512-gv9qhkk4qay1gdeE9iPfMXaOxltUtxrOgJ/pFVY6BHPsVSJblQJhWM1KLvh3bdGba8qmtIAt1iTdh4l4NAgOcw==}
    deprecated: Please make plans to check GeoJSON in some other way
    hasBin: true
    dependencies:
      concat-stream: 1.5.2
      jsonlint-lines: 1.7.1
      minimist: 1.2.0
      vfile: 2.0.0
      vfile-reporter: 3.0.0
    dev: false

  /@sailshq/lodash@3.10.4:
    resolution: {integrity: sha512-YXJqp9gdHcZKAmBY/WnwFpPtNQp2huD/ME2YMurH2YHJvxrVzYsmpKw/pb7yINArRpp8E++fwbQd3ajYXGA45Q==}
    dev: false

  /JSV@4.0.2:
    resolution: {integrity: sha512-ZJ6wx9xaKJ3yFUhq5/sk82PJMuUyLk277I8mQeyDgCTjGdjWJIvPfaU5LIXaMuaN2UO1X3kZH4+lgphublZUHw==}
    dev: false

  /anchor@0.11.6:
    resolution: {integrity: sha512-FQ2fnTlAYxp+yuVpKhcGzyF2U9ghdFTobI/xqFRIMRrVueoSE2lcQu4UkPdHotJPhCDs3bNij2z4WsWH7sGyoQ==}
    dependencies:
      '@mapbox/geojsonhint': 2.0.1
      '@sailshq/lodash': 3.10.4
      validator: 4.4.0
    dev: false

  /ansi-regex@2.1.1:
    resolution: {integrity: sha512-TIGnTpdo+E3+pCyAluZvtED5p5wCqLdezCyhPZzKPcxvFplEt4i+W7OONCKgeZFT3+y5NZZfOOS/Bdcanm1MYA==}
    engines: {node: '>=0.10.0'}
    dev: false

  /ansi-styles@1.0.0:
    resolution: {integrity: sha512-3iF4FIKdxaVYT3JqQuY3Wat/T2t7TRbbQ94Fu50ZUCbLy4TFbTzr90NOHQodQkNqmeEGCw8WbeP78WNi6SKYUA==}
    engines: {node: '>=0.8.0'}
    dev: false

  /ansi-styles@2.2.1:
    resolution: {integrity: sha512-kmCevFghRiWM7HB5zTPULl4r9bVFSWjz62MhqizDGUrq2NWuNMQyuv4tHHoKJHs69M/MF64lEcHdYIocrdWQYA==}
    engines: {node: '>=0.10.0'}
    dev: false

  /array-buffer-byte-length@1.0.0:
    resolution: {integrity: sha512-LPuwb2P+NrQw3XhxGc36+XSvuBPopovXYTR9Ew++Du9Yb/bx5AzBfrIsBoj0EZUifjQU+sHL21sseZ3jerWO/A==}
    dependencies:
      call-bind: 1.0.5
      is-array-buffer: 3.0.2
    dev: false

  /async@0.2.10:
    resolution: {integrity: sha512-eAkdoKxU6/LkKDBzLpT+t6Ff5EtfSF4wx1WfJiPEEV7WNLnDaRXk0oVysiEPm262roaachGexwUv94WhSgN5TQ==}
    dev: false

  /async@1.2.1:
    resolution: {integrity: sha512-UMnr1f7iakrFTqRSvkCUv3Fs7dMHN5XYWXLlzmKUMhJpOYlCxgI/zQd6kYnEuxhCAULUfP0jtMSiTbpGNbhskw==}
    dev: false

  /available-typed-arrays@1.0.5:
    resolution: {integrity: sha512-DMD0KiN46eipeziST1LPP/STfDU0sufISXmjSgvVsoU2tqxctQeASejWcfNtxYKqETM1UxQ8sp2OrSBWpHY6sw==}
    engines: {node: '>= 0.4'}
    dev: false

  /balanced-match@1.0.2:
    resolution: {integrity: sha512-3oSeUO0TMV67hN1AmbXsK4yaqU7tjiHlbxRDZOpH0KW9+CeX4bRAaX0Anxt0tx2MrpRpWwQaPwIlISEJhYU5Pw==}
    dev: false

  /bluebird@2.9.34:
    resolution: {integrity: sha512-ZDzCb87X7/IP1uzQ5eJZB+WoQRGTnKL5DHWvPw6kkMbQseouiQIrEi3P1UGE0D1k0N5/+aP/5GMCyHZ1xYJyHQ==}
    dev: false

  /brace-expansion@1.1.11:
    resolution: {integrity: sha512-iCuPHDFgrHX7H2vEI/5xpz07zSHB00TpugqhmYtVmMO6518mCuRMoOYFldEBl0g187ufozdaHgWKcYFb61qGiA==}
    dependencies:
      balanced-match: 1.0.2
      concat-map: 0.0.1
    dev: false

  /call-bind@1.0.5:
    resolution: {integrity: sha512-C3nQxfFZxFRVoJoGKKI8y3MOEo129NQ+FgQ08iye+Mk4zNZZGdjfs06bVTr+DBSlA66Q2VEcMki/cUCP4SercQ==}
    dependencies:
      function-bind: 1.1.2
      get-intrinsic: 1.2.2
      set-function-length: 1.2.0
    dev: false

  /chalk@0.4.0:
    resolution: {integrity: sha512-sQfYDlfv2DGVtjdoQqxS0cEZDroyG8h6TamA6rvxwlrU5BaSLDx9xhatBYl2pxZ7gmpNaPFVwBtdGdu5rQ+tYQ==}
    engines: {node: '>=0.8.0'}
    dependencies:
      ansi-styles: 1.0.0
      has-color: 0.1.7
      strip-ansi: 0.1.1
    dev: false

  /chalk@1.1.3:
    resolution: {integrity: sha512-U3lRVLMSlsCfjqYPbLyVv11M9CPW4I728d6TCKMAOJueEeB9/8o+eSsMnxPJD+Q+K909sdESg7C+tIkoH6on1A==}
    engines: {node: '>=0.10.0'}
    dependencies:
      ansi-styles: 2.2.1
      escape-string-regexp: 1.0.5
      has-ansi: 2.0.0
      strip-ansi: 3.0.1
      supports-color: 2.0.0
    dev: false

  /code-point-at@1.1.0:
    resolution: {integrity: sha512-RpAVKQA5T63xEj6/giIbUEtZwJ4UFIc3ZtvEkiaUERylqe8xb5IvqcgOurZLahv93CLKfxcw5YI+DZcUBRyLXA==}
    engines: {node: '>=0.10.0'}
    dev: false

  /colors@0.6.2:
    resolution: {integrity: sha512-OsSVtHK8Ir8r3+Fxw/b4jS1ZLPXkV6ZxDRJQzeD7qo0SqMXWrHDM71DgYzPMHY8SFJ0Ao+nNU2p1MmwdzKqPrw==}
    engines: {node: '>=0.1.90'}
    dev: false

  /concat-map@0.0.1:
    resolution: {integrity: sha512-/Srv4dswyQNBfohGpz9o6Yb3Gz3SrUDqBH5rTuhGR7ahtlbYKnVxw2bCFMRljaA7EXHaXZ8wsHdodFvbkhKmqg==}
    dev: false

  /concat-stream@1.5.2:
    resolution: {integrity: sha512-H6xsIBfQ94aESBG8jGHXQ7i5AEpy5ZeVaLDOisDICiTCKpqEfr34/KmTrspKQNoLKNu9gTkovlpQcUi630AKiQ==}
    engines: {'0': node >= 0.8}
    dependencies:
      inherits: 2.0.4
      readable-stream: 2.0.6
      typedarray: 0.0.7
    dev: false

  /cookie-signature@1.2.1:
    resolution: {integrity: sha512-78KWk9T26NhzXtuL26cIJ8/qNHANyJ/ZYrmEXFzUmhZdjpBv+DlWlOANRTGBt48YcyslsLrj0bMLFTmXvLRCOw==}
    engines: {node: '>=6.6.0'}
    dev: false

  /cookie@0.1.5:
    resolution: {integrity: sha512-/lhu+NGBI5pOLXILS07DrPXYX0QDD/ejVhbwoCUcLPBqMEK9b++f9rUhAlhLkcTz9mV6QSeD+w3cHJ96rMZaFQ==}
    engines: {node: '>= 0.6'}
    dev: false

  /core-util-is@1.0.3:
    resolution: {integrity: sha512-ZQBvi1DcpJ4GDqanjucZ2Hj3wEO5pZDS89BWbkcrvdxksJorwUDDZamX9ldFkp9aw2lmBDLgkObEA4DWNJ9FYQ==}
    dev: false

  /cycle@1.0.3:
    resolution: {integrity: sha512-TVF6svNzeQCOpjCqsy0/CSy8VgObG3wXusJ73xW2GbG5rGx7lC8zxDSURicsXI2UsGdi2L0QNRCi745/wUDvsA==}
    engines: {node: '>=0.4.0'}
    dev: false

  /deep-diff@0.3.8:
    resolution: {integrity: sha512-yVn6RZmHiGnxRKR9sJb3iVV2XTF1Ghh2DiWRZ3dMnGc43yUdWWF/kX6lQyk3+P84iprfWKU/8zFTrlkvtFm1ug==}
    dev: false

  /deep-equal@2.2.3:
    resolution: {integrity: sha512-ZIwpnevOurS8bpT4192sqAowWM76JDKSHYzMLty3BZGSswgq6pBaH3DhCSW5xVAZICZyKdOBPjwww5wfgT/6PA==}
    engines: {node: '>= 0.4'}
    dependencies:
      array-buffer-byte-length: 1.0.0
      call-bind: 1.0.5
      es-get-iterator: 1.1.3
      get-intrinsic: 1.2.2
      is-arguments: 1.1.1
      is-array-buffer: 3.0.2
      is-date-object: 1.0.5
      is-regex: 1.1.4
      is-shared-array-buffer: 1.0.2
      isarray: 2.0.5
      object-is: 1.1.5
      object-keys: 1.1.1
      object.assign: 4.1.5
      regexp.prototype.flags: 1.5.1
      side-channel: 1.0.4
      which-boxed-primitive: 1.0.2
      which-collection: 1.0.1
      which-typed-array: 1.1.13
    dev: false

  /define-data-property@1.1.1:
    resolution: {integrity: sha512-E7uGkTzkk1d0ByLeSc6ZsFS79Axg+m1P/VsgYsxHgiuc3tFSj+MjMIwe90FC4lOAZzNBdY7kkO2P2wKdsQ1vgQ==}
    engines: {node: '>= 0.4'}
    dependencies:
      get-intrinsic: 1.2.2
      gopd: 1.0.1
      has-property-descriptors: 1.0.1
    dev: false

  /define-properties@1.2.1:
    resolution: {integrity: sha512-8QmQKqEASLd5nx0U1B1okLElbUuuttJ/AnYmRXbbbGDWh6uS208EjD4Xqq/I9wK7u0v6O08XhTWnt5XtEbR6Dg==}
    engines: {node: '>= 0.4'}
    dependencies:
      define-data-property: 1.1.1
      has-property-descriptors: 1.0.1
      object-keys: 1.1.1
    dev: false

  /dot-access@0.0.5:
    resolution: {integrity: sha512-X6juyL0GUMHEYUPGJ8Uo78iVt4cWeswty2gIj52XyeLAZBiKwIVMWGqXVEkzmIJF7C93CKwSibqhUnx3ttlNXQ==}
    dev: false

  /encrypter@1.0.0-beta:
    resolution: {integrity: sha512-zbjxDOOMJd7H26xEO3Dk5EewBvtyPhEii0j7tzoGJxTrvoA9dM7TnBqvjRLlTLnWtl1DRS1P1JI6gs3/eZtOTQ==}
    engines: {node: '>=0.10.0'}
    dev: false

  /es-get-iterator@1.1.3:
    resolution: {integrity: sha512-sPZmqHBe6JIiTfN5q2pEi//TwxmAFHwj/XEuYjTuse78i8KxaqMTTzxPoFKuzRpDpTJ+0NAbpfenkmH2rePtuw==}
    dependencies:
      call-bind: 1.0.5
      get-intrinsic: 1.2.2
      has-symbols: 1.0.3
      is-arguments: 1.1.1
      is-map: 2.0.2
      is-set: 2.0.2
      is-string: 1.0.7
      isarray: 2.0.5
      stop-iteration-iterator: 1.0.0
    dev: false

  /escape-string-regexp@1.0.5:
    resolution: {integrity: sha512-vbRorB5FUQWvla16U8R/qgaFIya2qGzwDrNmCZuYKrbdSUMG6I1ZCGQRefkRVhuOkIGVne7BQ35DSfo1qvJqFg==}
    engines: {node: '>=0.8.0'}
    dev: false

  /eyes@0.1.8:
    resolution: {integrity: sha512-GipyPsXO1anza0AOZdy69Im7hGFCNB7Y/NGjDlZGJ3GJJLtwNSb2vrzYrTYJRrRloVx7pl+bhUaTB8yiccPvFQ==}
    engines: {node: '> 0.1.90'}
    dev: false

  /for-each@0.3.3:
    resolution: {integrity: sha512-jqYfLp7mo9vIyQf8ykW2v7A+2N4QjeCeI5+Dz9XraiO1ign81wjiH7Fb9vSOWvQfNtmSa4H2RoQTrrXivdUZmw==}
    dependencies:
      is-callable: 1.2.7
    dev: false

  /forwarded@0.1.2:
    resolution: {integrity: sha512-Ua9xNhH0b8pwE3yRbFfXJvfdWF0UHNCdeyb2sbi9Ul/M+r3PTdrz7Cv4SCfZRMjmzEM9PhraqfZFbGTIg3OMyA==}
    engines: {node: '>= 0.6'}
    dev: false

  /fs-extra@0.24.0:
    resolution: {integrity: sha512-w1RvhdLZdU9V3vQdL+RooGlo6b9R9WVoBanOfoJvosWlqSKvrjFlci2oVhwvLwZXBtM7khyPvZ8r3fwsim3o0A==}
    dependencies:
      graceful-fs: 4.2.11
      jsonfile: 2.4.0
      path-is-absolute: 1.0.1
      rimraf: 2.7.1
    dev: false

  /fs.realpath@1.0.0:
    resolution: {integrity: sha512-OO0pH2lK6a0hZnAdau5ItzHPI6pUlvI7jMVnxUQRtw4owF2wk8lOSabtGDCTP4Ggrg2MbGnWO9X8K1t4+fGMDw==}
    dev: false

  /function-bind@1.1.2:
    resolution: {integrity: sha512-7XHNxH7qX9xG5mIwxkhumTox/MIRNcOgDrxWsMt2pAr23WHp6MrRlN7FBSFpCpr+oVO0F744iUgR82nJMfG2SA==}
    dev: false

  /functions-have-names@1.2.3:
    resolution: {integrity: sha512-xckBUXyTIqT97tq2x2AMb+g163b5JFysYk0x4qxNFwbfQkmNZoiRHb6sPzI9/QV33WeuvVYBUIiD4NzNIyqaRQ==}
    dev: false

  /get-intrinsic@1.2.2:
    resolution: {integrity: sha512-0gSo4ml/0j98Y3lngkFEot/zhiCeWsbYIlZ+uZOVgzLyLaUw7wxUL+nCTP0XJvJg1AXulJRI3UJi8GsbDuxdGA==}
    dependencies:
      function-bind: 1.1.2
      has-proto: 1.0.1
      has-symbols: 1.0.3
      hasown: 2.0.0
    dev: false

  /glob@7.2.3:
    resolution: {integrity: sha512-nFR0zLpU2YCaRxwoCJvL6UvCH2JFyFVIvwTLsIf21AuHlMskA1hhTdk+LlYJtOlYt9v6dvszD2BGRqBL+iQK9Q==}
    dependencies:
      fs.realpath: 1.0.0
      inflight: 1.0.6
      inherits: 2.0.4
      minimatch: 3.1.2
      once: 1.4.0
      path-is-absolute: 1.0.1
    dev: false

  /gopd@1.0.1:
    resolution: {integrity: sha512-d65bNlIadxvpb/A2abVdlqKqV563juRnZ1Wtk6s1sIR8uNsXR70xqIzVqxVf1eTqDunwT2MkczEeaezCKTZhwA==}
    dependencies:
      get-intrinsic: 1.2.2
    dev: false

  /graceful-fs@4.2.11:
    resolution: {integrity: sha512-RbJ5/jmFcNNCcDV5o9eTnBLJ/HszWV0P73bc+Ff4nS/rJj+YaS6IGyiOL0VoBYX+l1Wrl3k63h/KrH+nhJ0XvQ==}
    dev: false

  /has-ansi@2.0.0:
    resolution: {integrity: sha512-C8vBJ8DwUCx19vhm7urhTuUsr4/IyP6l4VzNQDv+ryHQObW3TTTp9yB68WpYgRe2bbaGuZ/se74IqFeVnMnLZg==}
    engines: {node: '>=0.10.0'}
    dependencies:
      ansi-regex: 2.1.1
    dev: false

  /has-bigints@1.0.2:
    resolution: {integrity: sha512-tSvCKtBr9lkF0Ex0aQiP9N+OpV4zi2r/Nee5VkRDbaqv35RLYMzbwQfFSZZH0kR+Rd6302UJZ2p/bJCEoR3VoQ==}
    dev: false

  /has-color@0.1.7:
    resolution: {integrity: sha512-kaNz5OTAYYmt646Hkqw50/qyxP2vFnTVu5AQ1Zmk22Kk5+4Qx6BpO8+u7IKsML5fOsFk0ZT0AcCJNYwcvaLBvw==}
    engines: {node: '>=0.10.0'}
    dev: false

  /has-property-descriptors@1.0.1:
    resolution: {integrity: sha512-VsX8eaIewvas0xnvinAe9bw4WfIeODpGYikiWYLH+dma0Jw6KHYqWiWfhQlgOVK8D6PvjubK5Uc4P0iIhIcNVg==}
    dependencies:
      get-intrinsic: 1.2.2
    dev: false

  /has-proto@1.0.1:
    resolution: {integrity: sha512-7qE+iP+O+bgF9clE5+UoBFzE65mlBiVj3tKCrlNQ0Ogwm0BjpT/gK4SlLYDMybDh5I3TCTKnPPa0oMG7JDYrhg==}
    engines: {node: '>= 0.4'}
    dev: false

  /has-symbols@1.0.3:
    resolution: {integrity: sha512-l3LCuF6MgDNwTDKkdYGEihYjt5pRPbEg46rtlmnSPlUbgmB8LOIrKJbYYFBSbnPaJexMKtiPO8hmeRjRz2Td+A==}
    engines: {node: '>= 0.4'}
    dev: false

  /has-tostringtag@1.0.0:
    resolution: {integrity: sha512-kFjcSNhnlGV1kyoGk7OXKSawH5JOb/LzUc5w9B02hOTO0dfFRjbHQKvg1d6cf3HbeUmtU9VbbV3qzZ2Teh97WQ==}
    engines: {node: '>= 0.4'}
    dependencies:
      has-symbols: 1.0.3
    dev: false

  /has@1.0.4:
    resolution: {integrity: sha512-qdSAmqLF6209RFj4VVItywPMbm3vWylknmB3nvNiUIs72xAimcM8nVYxYr7ncvZq5qzk9MKIZR8ijqD/1QuYjQ==}
    engines: {node: '>= 0.4.0'}
    dev: false

  /hasown@2.0.0:
    resolution: {integrity: sha512-vUptKVTpIJhcczKBbgnS+RtcuYMB8+oNzPK2/Hp3hanz8JmpATdmmgLgSaadVREkDm+e2giHwY3ZRkyjSIDDFA==}
    engines: {node: '>= 0.4'}
    dependencies:
      function-bind: 1.1.2
    dev: false

  /i@0.3.7:
    resolution: {integrity: sha512-FYz4wlXgkQwIPqhzC5TdNMLSE5+GS1IIDJZY/1ZiEPCT2S3COUVZeT5OW4BmW4r5LHLQuOosSwsvnroG9GR59Q==}
    engines: {node: '>=0.4'}
    dev: false

  /inflight@1.0.6:
    resolution: {integrity: sha512-k92I/b08q4wvFscXCLvqfsHCrjrF7yiXsQuIVvVE7N82W3+aqpzuUdBbfhWcy/FZR3/4IgflMgKLOsvPDrGCJA==}
    dependencies:
      once: 1.4.0
      wrappy: 1.0.2
    dev: false

  /inherits@2.0.4:
    resolution: {integrity: sha512-k/vGaX4/Yla3WzyMCvTQOXYeIHvqOKtnqBduzTHpzpQZzAskKMhZ2K+EnBiSM9zGSoIFeMpXKxa4dYeZIQqewQ==}
    dev: false

  /internal-slot@1.0.6:
    resolution: {integrity: sha512-Xj6dv+PsbtwyPpEflsejS+oIZxmMlV44zAhG479uYu89MsjcYOhCFnNyKrkJrihbsiasQyY0afoCl/9BLR65bg==}
    engines: {node: '>= 0.4'}
    dependencies:
      get-intrinsic: 1.2.2
      hasown: 2.0.0
      side-channel: 1.0.4
    dev: false

  /ipaddr.js@1.4.0:
    resolution: {integrity: sha512-RbrsPoo4IkisyHhS9VDa3ybxnu0wOo0uTAhaELmwxq244p18X7Dk0fQoJvh/QTkIUO296fbjgvMqK3ry84eVVA==}
    engines: {node: '>= 0.10'}
    dev: false

  /irregular-plurals@1.4.0:
    resolution: {integrity: sha512-kniTIJmaZYiwa17eTtWIfm0K342seyugl6vuC8DiiyiRAJWAVlLkqGCI0Im0neo0TkXw+pRcKaBPRdcKHnQJ6Q==}
    engines: {node: '>=0.10.0'}
    dev: false

  /is-arguments@1.1.1:
    resolution: {integrity: sha512-8Q7EARjzEnKpt/PCD7e1cgUS0a6X8u5tdSiMqXhojOdoV9TsMsiO+9VLC5vAmO8N7/GmXn7yjR8qnA6bVAEzfA==}
    engines: {node: '>= 0.4'}
    dependencies:
      call-bind: 1.0.5
      has-tostringtag: 1.0.0
    dev: false

  /is-array-buffer@3.0.2:
    resolution: {integrity: sha512-y+FyyR/w8vfIRq4eQcM1EYgSTnmHXPqaF+IgzgraytCFq5Xh8lllDVmAZolPJiZttZLeFSINPYMaEJ7/vWUa1w==}
    dependencies:
      call-bind: 1.0.5
      get-intrinsic: 1.2.2
      is-typed-array: 1.1.12
    dev: false

  /is-bigint@1.0.4:
    resolution: {integrity: sha512-zB9CruMamjym81i2JZ3UMn54PKGsQzsJeo6xvN3HJJ4CAsQNB6iRutp2To77OfCNuoxspsIhzaPoO1zyCEhFOg==}
    dependencies:
      has-bigints: 1.0.2
    dev: false

  /is-boolean-object@1.1.2:
    resolution: {integrity: sha512-gDYaKHJmnj4aWxyj6YHyXVpdQawtVLHU5cb+eztPGczf6cjuTdwve5ZIEfgXqH4e57An1D1AKf8CZ3kYrQRqYA==}
    engines: {node: '>= 0.4'}
    dependencies:
      call-bind: 1.0.5
      has-tostringtag: 1.0.0
    dev: false

  /is-buffer@1.1.6:
    resolution: {integrity: sha512-NcdALwpXkTm5Zvvbk7owOUSvVvBKDgKP5/ewfXEznmQFfs4ZRmanOeKBTjRVjka3QFoN6XJ+9F3USqfHqTaU5w==}
    dev: false

  /is-callable@1.2.7:
    resolution: {integrity: sha512-1BC0BVFhS/p0qtw6enp8e+8OD0UrK0oFLztSjNzhcKA3WDuJxxAPXzPuPtKkjEY9UUoEWlX/8fgKeu2S8i9JTA==}
    engines: {node: '>= 0.4'}
    dev: false

  /is-date-object@1.0.5:
    resolution: {integrity: sha512-9YQaSxsAiSwcvS33MBk3wTCVnWK+HhF8VZR2jRxehM16QcVOdHqPn4VPHmRK4lSr38n9JriurInLcP90xsYNfQ==}
    engines: {node: '>= 0.4'}
    dependencies:
      has-tostringtag: 1.0.0
    dev: false

  /is-fullwidth-code-point@1.0.0:
    resolution: {integrity: sha512-1pqUqRjkhPJ9miNq9SwMfdvi6lBJcd6eFxvfaivQhaH3SgisfiuudvFntdKOmxuee/77l+FPjKrQjWvmPjWrRw==}
    engines: {node: '>=0.10.0'}
    dependencies:
      number-is-nan: 1.0.1
    dev: false

  /is-map@2.0.2:
    resolution: {integrity: sha512-cOZFQQozTha1f4MxLFzlgKYPTyj26picdZTx82hbc/Xf4K/tZOOXSCkMvU4pKioRXGDLJRn0GM7Upe7kR721yg==}
    dev: false

  /is-number-object@1.0.7:
    resolution: {integrity: sha512-k1U0IRzLMo7ZlYIfzRu23Oh6MiIFasgpb9X76eqfFZAqwH44UI4KTBvBYIZ1dSL9ZzChTB9ShHfLkR4pdW5krQ==}
    engines: {node: '>= 0.4'}
    dependencies:
      has-tostringtag: 1.0.0
    dev: false

  /is-regex@1.1.4:
    resolution: {integrity: sha512-kvRdxDsxZjhzUX07ZnLydzS1TU/TJlTUHHY4YLL87e37oUA49DfkLqgy+VjFocowy29cKvcSiu+kIv728jTTVg==}
    engines: {node: '>= 0.4'}
    dependencies:
      call-bind: 1.0.5
      has-tostringtag: 1.0.0
    dev: false

  /is-set@2.0.2:
    resolution: {integrity: sha512-+2cnTEZeY5z/iXGbLhPrOAaK/Mau5k5eXq9j14CpRTftq0pAJu2MwVRSZhyZWBzx3o6X795Lz6Bpb6R0GKf37g==}
    dev: false

  /is-shared-array-buffer@1.0.2:
    resolution: {integrity: sha512-sqN2UDu1/0y6uvXyStCOzyhAjCSlHceFoMKJW8W9EU9cvic/QdsZ0kEU93HEy3IUEFZIiH/3w+AH/UQbPHNdhA==}
    dependencies:
      call-bind: 1.0.5
    dev: false

  /is-string@1.0.7:
    resolution: {integrity: sha512-tE2UXzivje6ofPW7l23cjDOMa09gb7xlAqG6jG5ej6uPV32TlWP3NKPigtaGeHNu9fohccRYvIiZMfOOnOYUtg==}
    engines: {node: '>= 0.4'}
    dependencies:
      has-tostringtag: 1.0.0
    dev: false

  /is-symbol@1.0.4:
    resolution: {integrity: sha512-C/CPBqKWnvdcxqIARxyOh4v1UUEOCHpgDa0WYgpKDFMszcrPcffg5uhwSgPCLD2WWxmq6isisz87tzT01tuGhg==}
    engines: {node: '>= 0.4'}
    dependencies:
      has-symbols: 1.0.3
    dev: false

  /is-typed-array@1.1.12:
    resolution: {integrity: sha512-Z14TF2JNG8Lss5/HMqt0//T9JeHXttXy5pH/DBU4vi98ozO2btxzq9MwYDZYnKwU8nRsz/+GVFVRDq3DkVuSPg==}
    engines: {node: '>= 0.4'}
    dependencies:
      which-typed-array: 1.1.13
    dev: false

  /is-weakmap@2.0.1:
    resolution: {integrity: sha512-NSBR4kH5oVj1Uwvv970ruUkCV7O1mzgVFO4/rev2cLRda9Tm9HrL70ZPut4rOHgY0FNrUu9BCbXA2sdQ+x0chA==}
    dev: false

  /is-weakset@2.0.2:
    resolution: {integrity: sha512-t2yVvttHkQktwnNNmBQ98AhENLdPUTDTE21uPqAQ0ARwQfGeQKRVS0NNurH7bTf7RrvcVn1OOge45CnBeHCSmg==}
    dependencies:
      call-bind: 1.0.5
      get-intrinsic: 1.2.2
    dev: false

  /isarray@1.0.0:
    resolution: {integrity: sha512-VLghIWNM6ELQzo7zwmcg0NmTVyWKYjvIeM83yjp0wRDTmUnrM678fQbcKBo6n2CJEF0szoG//ytg+TKla89ALQ==}
    dev: false

  /isarray@2.0.5:
    resolution: {integrity: sha512-xHjhDr3cNBK0BzdUJSPXZntQUx/mwMS5Rw4A7lPJ90XGAO6ISP/ePDNuo0vhqOZU+UD5JoodwCAAoZQd3FeAKw==}
    dev: false

  /isstream@0.1.2:
    resolution: {integrity: sha512-Yljz7ffyPbrLpLngrMtZ7NduUgVvi6wG9RJ9IUcyCd59YQ911PBJphODUcbOVbqYfxe1wuYf/LJ8PauMRwsM/g==}
    dev: false

  /jsonfile@2.4.0:
    resolution: {integrity: sha512-PKllAqbgLgxHaj8TElYymKCAgrASebJrWpTnEkOaTowt23VKXXN0sUeriJ+eh7y6ufb/CC5ap11pz71/cM0hUw==}
    optionalDependencies:
      graceful-fs: 4.2.11
    dev: false

  /jsonlint-lines@1.7.1:
    resolution: {integrity: sha512-Xp9w20GzfOiwabOqi3bH4Gnx85WFwpaWebmaspaDwX9fBISlEnKYoMtIR9bu6OGFIKzt50BRVyXLxRKDZXQ8Hg==}
    engines: {node: '>= 0.6'}
    hasBin: true
    dependencies:
      JSV: 4.0.2
      nomnom: 1.8.1
    dev: false

  /lodash@2.4.2:
    resolution: {integrity: sha512-Kak1hi6/hYHGVPmdyiZijoQyz5x2iGVzs6w9GYB/HiXEtylY7tIoYEROMjvM1d9nXJqPOrG2MNPMn01bJ+S0Rw==}
    engines: {'0': node, '1': rhino}
    dev: false

  /lodash@3.10.1:
    resolution: {integrity: sha512-9mDDwqVIma6OZX79ZlDACZl8sBm0TEnkf99zV3iMA4GzkIT/9hiqP5mY0HoT1iNLCrKc/R1HByV+yJfRWVJryQ==}
    dev: false

  /lodash@3.9.3:
    resolution: {integrity: sha512-v5SKZhnCUujcTpFpHEIJZDVcBM2OYjROx732HyJ6kzKZtwStTb4LG6noqmK9etHqDNhf6X7itXx5s0hTpAXPpQ==}
    dev: false

  /log-symbols@1.0.2:
    resolution: {integrity: sha512-mmPrW0Fh2fxOzdBbFv4g1m6pR72haFLPJ2G5SJEELf1y+iaQrDG6cWCPjy54RHYbZAt7X+ls690Kw62AdWXBzQ==}
    engines: {node: '>=0.10.0'}
    dependencies:
      chalk: 1.1.3
    dev: false

  /minimatch@3.1.2:
    resolution: {integrity: sha512-J7p63hRiAjw1NDEww1W7i37+ByIrOWO5XQQAzZ3VOcL0PNybwpfmV/N05zFAzwQ9USyEcX6t3UO+K5aqBQOIHw==}
    dependencies:
      brace-expansion: 1.1.11
    dev: false

  /minimist@1.2.0:
    resolution: {integrity: sha512-7Wl+Jz+IGWuSdgsQEJ4JunV0si/iMhg42MnQQG6h1R6TNeVenp4U9x5CC5v/gYqz/fENLQITAWXidNtVL0NNbw==}
    dev: false

  /minimist@1.2.8:
    resolution: {integrity: sha512-2yyAR8qBkN3YuheJanUpWC5U3bb5osDywNB8RzDVlDwDHbocAJveqqj1u8+SVD7jkWT4yvsHCpWqqWqAxb0zCA==}
    dev: false

  /mkdirp@0.5.6:
    resolution: {integrity: sha512-FP+p8RB8OWpF3YZBCrP5gtADmtXApB5AMLn+vdyA+PyxCjrCs00mjyUozssO33cwDeT3wNGdLxJ5M//YqtHAJw==}
    hasBin: true
    dependencies:
      minimist: 1.2.8
    dev: false

  /mute-stream@0.0.8:
    resolution: {integrity: sha512-nnbWWOkoWyUsTjKrhgD0dcz22mdkSnpYqbEjIm2nhwhuxlSkpywJmBo8h0ZqJdkp73mb90SssHkN4rsRaBAfAA==}
    dev: false

  /ncp@0.4.2:
    resolution: {integrity: sha512-PfGU8jYWdRl4FqJfCy0IzbkGyFHntfWygZg46nFk/dJD/XRrk2cj0SsKSX9n5u5gE0E0YfEpKWrEkfjnlZSTXA==}
    hasBin: true
    dev: false

  /node-session@1.2.1:
    resolution: {integrity: sha512-D0UGCM1Hti+RdgXcAgkrov91ePecV9GUFyTyWeoqikbdgMvTS+QekXrWbava1sZHDzH93sFffyeGSOhkvJxKWw==}
    engines: {node: '>=0.10.0'}
    dependencies:
      cookie: 0.1.5
      cookie-signature: 1.2.1
      dot-access: 0.0.5
      encrypter: 1.0.0-beta
      fs-extra: 0.24.0
      lodash: 3.10.1
      on-headers: 1.0.2
      proxy-addr: 1.1.5
      uid-safe: 2.1.5
      waterline: 0.10.31
    dev: false

  /nomnom@1.8.1:
    resolution: {integrity: sha512-5s0JxqhDx9/rksG2BTMVN1enjWSvPidpoSgViZU4ZXULyTe+7jxcCRLB6f42Z0l1xYJpleCBtSyY6Lwg3uu5CQ==}
    deprecated: Package no longer supported. Contact support@npmjs.com for more info.
    dependencies:
      chalk: 0.4.0
      underscore: 1.6.0
    dev: false

  /number-is-nan@1.0.1:
    resolution: {integrity: sha512-4jbtZXNAsfZbAHiiqjLPBiCl16dES1zI4Hpzzxw61Tk+loF+sBDBKx1ICKKKwIqQ7M0mFn1TmkN7euSncWgHiQ==}
    engines: {node: '>=0.10.0'}
    dev: false

  /object-inspect@1.13.1:
    resolution: {integrity: sha512-5qoj1RUiKOMsCCNLV1CBiPYE10sziTsnmNxkAI/rZhiD63CF7IqdFGC/XzjWjpSgLf0LxXX3bDFIh0E18f6UhQ==}
    dev: false

  /object-is@1.1.5:
    resolution: {integrity: sha512-3cyDsyHgtmi7I7DfSSI2LDp6SK2lwvtbg0p0R1e0RvTqF5ceGx+K2dfSjm1bKDMVCFEDAQvy+o8c6a7VujOddw==}
    engines: {node: '>= 0.4'}
    dependencies:
      call-bind: 1.0.5
      define-properties: 1.2.1
    dev: false

  /object-keys@1.1.1:
    resolution: {integrity: sha512-NuAESUOUMrlIXOfHKzD6bpPu3tYt3xvjNdRIQ+FeT0lNb4K8WR70CaDxhuNguS2XG+GjkyMwOzsN5ZktImfhLA==}
    engines: {node: '>= 0.4'}
    dev: false

  /object.assign@4.1.5:
    resolution: {integrity: sha512-byy+U7gp+FVwmyzKPYhW2h5l3crpmGsxl7X2s8y43IgxvG4g3QZ6CffDtsNQy1WsmZpQbO+ybo0AlW7TY6DcBQ==}
    engines: {node: '>= 0.4'}
    dependencies:
      call-bind: 1.0.5
      define-properties: 1.2.1
      has-symbols: 1.0.3
      object-keys: 1.1.1
    dev: false

  /on-headers@1.0.2:
    resolution: {integrity: sha512-pZAE+FJLoyITytdqK0U5s+FIpjN0JP3OzFi/u8Rx+EV5/W+JTWGXG8xFzevE7AjBfDqHv/8vL8qQsIhHnqRkrA==}
    engines: {node: '>= 0.8'}
    dev: false

  /once@1.4.0:
    resolution: {integrity: sha512-lNaJgI+2Q5URQBkccEKHTQOPaXdUxnZZElQTZY0MFUAuaEqe1E+Nyvgdz/aIyNi6Z9MzO5dv1H8n58/GELp3+w==}
    dependencies:
      wrappy: 1.0.2
    dev: false

  /path-is-absolute@1.0.1:
    resolution: {integrity: sha512-AVbw3UJ2e9bq64vSaS9Am0fje1Pa8pbGqTTsmXfaIiMpnr5DlDhfJOuLj9Sf95ZPVDAUerDfEk88MPmPe7UCQg==}
    engines: {node: '>=0.10.0'}
    dev: false

  /pkginfo@0.3.1:
    resolution: {integrity: sha512-yO5feByMzAp96LtP58wvPKSbaKAi/1C4kV9XpTctr6EepnP6F33RBNOiVrdz9BrPA98U2BMFsTNHo44TWcbQ2A==}
    engines: {node: '>= 0.4.0'}
    dev: false

  /pkginfo@0.4.1:
    resolution: {integrity: sha512-8xCNE/aT/EXKenuMDZ+xTVwkT8gsoHN2z/Q29l80u0ppGEXVvsKRzNMbtKhg8LS8k1tJLAHHylf6p4VFmP6XUQ==}
    engines: {node: '>= 0.4.0'}
    dev: false

  /plur@2.1.2:
    resolution: {integrity: sha512-WhcHk576xg9y/iv6RWOuroZgsqvCbJN+XGvAypCJwLAYs2iWDp5LUmvaCdV6JR2O0SMBf8l6p7A94AyLCFVMlQ==}
    engines: {node: '>=0.10.0'}
    dependencies:
      irregular-plurals: 1.4.0
    dev: false

  /process-nextick-args@1.0.7:
    resolution: {integrity: sha512-yN0WQmuCX63LP/TMvAg31nvT6m4vDqJEiiv2CAZqWOGNWutc9DfDk1NPYYmKUFmaVM2UwDowH4u5AHWYP/jxKw==}
    dev: false

  /prompt@0.2.14:
    resolution: {integrity: sha512-jDK5yEbAakJmNm+260gZG1+PuzX3jT5Jy0VZAUGrrW9RQ1JEWEDEVNnhO70mL3+U5r6bSJo02xsE34wOS/LnrA==}
    engines: {node: '>= 0.6.6'}
    dependencies:
      pkginfo: 0.4.1
      read: 1.0.7
      revalidator: 0.1.8
      utile: 0.2.1
      winston: 0.8.3
    dev: false

  /proxy-addr@1.1.5:
    resolution: {integrity: sha512-av1MQ5vwTiMICwU75KSf/vJ6a+AXP0MtP+aYBqm2RFlire7BP6sWlfOLc8+6wIQrywycqSpJWm5zNkYFkRARWA==}
    engines: {node: '>= 0.6'}
    dependencies:
      forwarded: 0.1.2
      ipaddr.js: 1.4.0
    dev: false

  /random-bytes@1.0.0:
    resolution: {integrity: sha512-iv7LhNVO047HzYR3InF6pUcUsPQiHTM1Qal51DcGSuZFBil1aBBWG5eHPNek7bvILMaYJ/8RU1e8w1AMdHmLQQ==}
    engines: {node: '>= 0.8'}
    dev: false

  /read@1.0.7:
    resolution: {integrity: sha512-rSOKNYUmaxy0om1BNjMN4ezNT6VKK+2xF4GBhc81mkH7L60i6dp8qPYrkndNLT3QPphoII3maL9PVC9XmhHwVQ==}
    engines: {node: '>=0.8'}
    dependencies:
      mute-stream: 0.0.8
    dev: false

  /readable-stream@2.0.6:
    resolution: {integrity: sha512-TXcFfb63BQe1+ySzsHZI/5v1aJPCShfqvWJ64ayNImXMsN1Cd0YGk/wm8KB7/OeessgPc9QvS9Zou8QTkFzsLw==}
    dependencies:
      core-util-is: 1.0.3
      inherits: 2.0.4
      isarray: 1.0.0
      process-nextick-args: 1.0.7
      string_decoder: 0.10.31
      util-deprecate: 1.0.2
    dev: false

  /regexp.prototype.flags@1.5.1:
    resolution: {integrity: sha512-sy6TXMN+hnP/wMy+ISxg3krXx7BAtWVO4UouuCN/ziM9UEne0euamVNafDfvC83bRNr95y0V5iijeDQFUNpvrg==}
    engines: {node: '>= 0.4'}
    dependencies:
      call-bind: 1.0.5
      define-properties: 1.2.1
      set-function-name: 2.0.1
    dev: false

  /repeat-string@1.6.1:
    resolution: {integrity: sha512-PV0dzCYDNfRi1jCDbJzpW7jNNDRuCOG/jI5ctQcGKt/clZD+YcPS3yIlWuTJMmESC8aevCFmWJy5wjAFgNqN6w==}
    engines: {node: '>=0.10'}
    dev: false

  /replace-ext@1.0.0:
    resolution: {integrity: sha512-vuNYXC7gG7IeVNBC1xUllqCcZKRbJoSPOBhnTEcAIiKCsbuef6zO3F0Rve3isPMMoNoQRWjQwbAgAjHUHniyEA==}
    engines: {node: '>= 0.10'}
    dev: false

  /revalidator@0.1.8:
    resolution: {integrity: sha512-xcBILK2pA9oh4SiinPEZfhP8HfrB/ha+a2fTMyl7Om2WjlDVrOQy99N2MXXlUHqGJz4qEu2duXxHJjDWuK/0xg==}
    engines: {node: '>= 0.4.0'}
    dev: false

  /rimraf@2.7.1:
    resolution: {integrity: sha512-uWjbaKIK3T1OSVptzX7Nl6PvQ3qAGtKEtVRjRuazjfL3Bx5eI409VZSqgND+4UNnmzLVdPj9FqFJNPqBZFve4w==}
    hasBin: true
    dependencies:
      glob: 7.2.3
    dev: false

  /set-function-length@1.2.0:
    resolution: {integrity: sha512-4DBHDoyHlM1IRPGYcoxexgh67y4ueR53FKV1yyxwFMY7aCqcN/38M1+SwZ/qJQ8iLv7+ck385ot4CcisOAPT9w==}
    engines: {node: '>= 0.4'}
    dependencies:
      define-data-property: 1.1.1
      function-bind: 1.1.2
      get-intrinsic: 1.2.2
      gopd: 1.0.1
      has-property-descriptors: 1.0.1
    dev: false

  /set-function-name@2.0.1:
    resolution: {integrity: sha512-tMNCiqYVkXIZgc2Hnoy2IvC/f8ezc5koaRFkCjrpWzGpCd3qbZXPzVy9MAZzK1ch/X0jvSkojys3oqJN0qCmdA==}
    engines: {node: '>= 0.4'}
    dependencies:
      define-data-property: 1.1.1
      functions-have-names: 1.2.3
      has-property-descriptors: 1.0.1
    dev: false

  /side-channel@1.0.4:
    resolution: {integrity: sha512-q5XPytqFEIKHkGdiMIrY10mvLRvnQh42/+GoBlFW3b2LXLE2xxJpZFdm94we0BaoV3RwJyGqg5wS7epxTv0Zvw==}
    dependencies:
      call-bind: 1.0.5
      get-intrinsic: 1.2.2
      object-inspect: 1.13.1
    dev: false

  /stack-trace@0.0.10:
    resolution: {integrity: sha512-KGzahc7puUKkzyMt+IqAep+TVNbKP+k2Lmwhub39m1AsTSkaDutx56aDCo+HLDzf/D26BIHTJWNiTG1KAJiQCg==}
    dev: false

  /stop-iteration-iterator@1.0.0:
    resolution: {integrity: sha512-iCGQj+0l0HOdZ2AEeBADlsRC+vsnDsZsbdSiH1yNSjcfKM7fdpCMfqAL/dwF5BLiw/XhRft/Wax6zQbhq2BcjQ==}
    engines: {node: '>= 0.4'}
    dependencies:
      internal-slot: 1.0.6
    dev: false

  /string-width@1.0.2:
    resolution: {integrity: sha512-0XsVpQLnVCXHJfyEs8tC0zpTVIr5PKKsQtkT29IwupnPTjtPmQ3xT/4yCREF9hYkV/3M3kzcUTSAZT6a6h81tw==}
    engines: {node: '>=0.10.0'}
    dependencies:
      code-point-at: 1.1.0
      is-fullwidth-code-point: 1.0.0
      strip-ansi: 3.0.1
    dev: false

  /string_decoder@0.10.31:
    resolution: {integrity: sha512-ev2QzSzWPYmy9GuqfIVildA4OdcGLeFZQrq5ys6RtiuF+RQQiZWr8TZNyAcuVXyQRYfEO+MsoB/1BuQVhOJuoQ==}
    dev: false

  /strip-ansi@0.1.1:
    resolution: {integrity: sha512-behete+3uqxecWlDAm5lmskaSaISA+ThQ4oNNBDTBJt0x2ppR6IPqfZNuj6BLaLJ/Sji4TPZlcRyOis8wXQTLg==}
    engines: {node: '>=0.8.0'}
    hasBin: true
    dev: false

  /strip-ansi@3.0.1:
    resolution: {integrity: sha512-VhumSSbBqDTP8p2ZLKj40UjBCV4+v8bUSEpUb4KjRgWk9pbqGF4REFj6KEagidb2f/M6AzC0EmFyDNGaw9OCzg==}
    engines: {node: '>=0.10.0'}
    dependencies:
      ansi-regex: 2.1.1
    dev: false

  /supports-color@2.0.0:
    resolution: {integrity: sha512-KKNVtd6pCYgPIKU4cp2733HWYCpplQhddZLBUryaAHou723x+FRzQ5Df824Fj+IyyuiQTRoub4SnIFfIcrp70g==}
    engines: {node: '>=0.8.0'}
    dev: false

  /switchback@2.0.5:
    resolution: {integrity: sha512-w9gnsTxR5geOKt45QUryhDP9KTLcOAqje9usR2VQ2ng8DfhaF+mkIcArxioMP/p6Z/ecKE58i2/B0DDlMJK1jw==}
    dependencies:
      '@sailshq/lodash': 3.10.4
    dev: false

  /trim@0.0.1:
    resolution: {integrity: sha512-YzQV+TZg4AxpKxaTHK3c3D+kRDCGVEE7LemdlQZoQXn0iennk10RsIoY6ikzAqJTc9Xjl9C1/waHom/J86ziAQ==}
    deprecated: Use String.prototype.trim() instead
    dev: false

  /typedarray@0.0.7:
    resolution: {integrity: sha512-ueeb9YybpjhivjbHP2LdFDAjbS948fGEPj+ACAMs4xCMmh72OCOMQWBQKlaN4ZNQ04yfLSDLSx1tGRIoWimObQ==}
    dev: false

  /uid-safe@2.1.5:
    resolution: {integrity: sha512-KPHm4VL5dDXKz01UuEd88Df+KzynaohSL9fBh096KWAxSKZQDI2uBrVqtvRM4rwrIrRRKsdLNML/lnaaVSRioA==}
    engines: {node: '>= 0.8'}
    dependencies:
      random-bytes: 1.0.0
    dev: false

  /underscore@1.6.0:
    resolution: {integrity: sha512-z4o1fvKUojIWh9XuaVLUDdf86RQiq13AC1dmHbTpoyuu+bquHms76v16CjycCbec87J7z0k//SiQVk0sMdFmpQ==}
    dev: false

  /unist-util-stringify-position@1.1.2:
    resolution: {integrity: sha512-pNCVrk64LZv1kElr0N1wPiHEUoXNVFERp+mlTg/s9R5Lwg87f9bM/3sQB99w+N9D/qnM9ar3+AKDBwo/gm/iQQ==}
    dev: false

  /util-deprecate@1.0.2:
    resolution: {integrity: sha512-EPD5q1uXyFxJpCrLnCc1nHnq3gOa6DZBocAIiI2TaSCA7VCJ1UJDMagCzIkXNsUYfD1daK//LTEQ8xiIbrHtcw==}
    dev: false

  /utile@0.2.1:
    resolution: {integrity: sha512-ltfvuCJNa/JFOhKBBiQ9qDyyFwLstoMMO1ru0Yg/Mcl8dp1Z3IBaL7n+5dHpyma+d3lCogkgBQnWKtGxzNyqhg==}
    engines: {node: '>= 0.6.4'}
    dependencies:
      async: 0.2.10
      deep-equal: 2.2.3
      i: 0.3.7
      mkdirp: 0.5.6
      ncp: 0.4.2
      rimraf: 2.7.1
    dev: false

  /validator@4.4.0:
    resolution: {integrity: sha512-gnG8nfScC99VkPE+EgGNVDk4wGS+kVqY6fUMWcg6i2k/jvTYIcUzOleoXAF4jJPc+zhX/+kliyFNrj8aOTZSZg==}
    engines: {node: '>= 0.10'}
    dev: false

  /vfile-reporter@3.0.0:
    resolution: {integrity: sha512-F373Ojbn6gE1JsEOdZ+cGv/mkh93iGlfr0NeO+UUX/yL9nb5efzZFIQbaGJedjmIcBKGgKV8IboaAAMpoVAw9Q==}
    dependencies:
      chalk: 1.1.3
      log-symbols: 1.0.2
      plur: 2.1.2
      repeat-string: 1.6.1
      string-width: 1.0.2
      strip-ansi: 3.0.1
      trim: 0.0.1
      unist-util-stringify-position: 1.1.2
    dev: false

  /vfile@2.0.0:
    resolution: {integrity: sha512-SSMehBgGWpGCTYiXdBHJkV9lqjb1EAbfWvbDdUx7s2PUBVppRpQ4duLtU1KUVi8nEmWzxfU8LCgwZNLe1tIttQ==}
    dependencies:
      has: 1.0.4
      is-buffer: 1.1.6
      replace-ext: 1.0.0
      unist-util-stringify-position: 1.1.2
      x-is-string: 0.1.0
    dev: false

  /waterline-criteria@0.11.2:
    resolution: {integrity: sha512-3ZxVpxDjaFF5zk3W1SklJG1T6c9fg+smxEszTlXOsqLL9PBdVYsySgeIlsZsB4XZfa1f4tzoQ5kW1En236A32A==}
    dependencies:
      lodash: 2.4.2
    dev: false

  /waterline-schema@0.1.20:
    resolution: {integrity: sha512-EaoHQX/u7Rb3UUu46AXFIdefoQZgLtQuDgmUC04yMv6Z7wYIrlxH71MoORUatTa5fxwO9r4DglMzsp2PIcORdw==}
    dependencies:
      lodash: 3.10.1
    dev: false

  /waterline@0.10.31:
    resolution: {integrity: sha512-ejPDNdp5XHKwC4FRNUoWJ5+jV8GjZavvtcZSfTHyT9YgFp3kdXMWT8ShZj+Z5VjzxatwIjYAu51CqYBkgqXUvw==}
    dependencies:
      anchor: 0.11.6
      async: 1.2.1
      bluebird: 2.9.34
      deep-diff: 0.3.8
      lodash: 3.9.3
      prompt: 0.2.14
      switchback: 2.0.5
      waterline-criteria: 0.11.2
      waterline-schema: 0.1.20
    dev: false

  /which-boxed-primitive@1.0.2:
    resolution: {integrity: sha512-bwZdv0AKLpplFY2KZRX6TvyuN7ojjr7lwkg6ml0roIy9YeuSr7JS372qlNW18UQYzgYK9ziGcerWqZOmEn9VNg==}
    dependencies:
      is-bigint: 1.0.4
      is-boolean-object: 1.1.2
      is-number-object: 1.0.7
      is-string: 1.0.7
      is-symbol: 1.0.4
    dev: false

  /which-collection@1.0.1:
    resolution: {integrity: sha512-W8xeTUwaln8i3K/cY1nGXzdnVZlidBcagyNFtBdD5kxnb4TvGKR7FfSIS3mYpwWS1QUCutfKz8IY8RjftB0+1A==}
    dependencies:
      is-map: 2.0.2
      is-set: 2.0.2
      is-weakmap: 2.0.1
      is-weakset: 2.0.2
    dev: false

  /which-typed-array@1.1.13:
    resolution: {integrity: sha512-P5Nra0qjSncduVPEAr7xhoF5guty49ArDTwzJ/yNuPIbZppyRxFQsRCWrocxIY+CnMVG+qfbU2FmDKyvSGClow==}
    engines: {node: '>= 0.4'}
    dependencies:
      available-typed-arrays: 1.0.5
      call-bind: 1.0.5
      for-each: 0.3.3
      gopd: 1.0.1
      has-tostringtag: 1.0.0
    dev: false

  /winston@0.8.3:
    resolution: {integrity: sha512-fPoamsHq8leJ62D1M9V/f15mjQ1UHe4+7j1wpAT3fqgA5JqhJkk4aIfPEjfMTI9x6ZTjaLOpMAjluLtmgO5b6g==}
    engines: {node: '>= 0.6.0'}
    dependencies:
      async: 0.2.10
      colors: 0.6.2
      cycle: 1.0.3
      eyes: 0.1.8
      isstream: 0.1.2
      pkginfo: 0.3.1
      stack-trace: 0.0.10
    dev: false

  /wrappy@1.0.2:
    resolution: {integrity: sha512-l4Sp/DRseor9wL6EvV2+TuQn63dMkPjZ/sp9XkghTEbV9KlPS1xUsZ3u7/IQO4wxtcFB4bgpQPRcR3QCvezPcQ==}
    dev: false

  /x-is-string@0.1.0:
    resolution: {integrity: sha512-GojqklwG8gpzOVEVki5KudKNoq7MbbjYZCbyWzEz7tyPA7eleiE0+ePwOWQQRb5fm86rD3S8Tc0tSFf3AOv50w==}
    dev: false
